// !$*UTF8*$!
{
	archiveVersion = 1;
	classes = {
	};
	objectVersion = 50;
	objects = {

/* Begin PBXBuildFile section */
		0736452320F6BDB70029888B /* ScoreStream.swift in Sources */ = {isa = PBXBuildFile; fileRef = 0736452220F6BDB70029888B /* ScoreStream.swift */; };
		0751B43020F681630081BA2F /* LoggedInRouter.swift in Sources */ = {isa = PBXBuildFile; fileRef = 0751B42D20F681630081BA2F /* LoggedInRouter.swift */; };
		0751B43120F681630081BA2F /* LoggedInBuilder.swift in Sources */ = {isa = PBXBuildFile; fileRef = 0751B42E20F681630081BA2F /* LoggedInBuilder.swift */; };
		0751B43220F681630081BA2F /* LoggedInInteractor.swift in Sources */ = {isa = PBXBuildFile; fileRef = 0751B42F20F681630081BA2F /* LoggedInInteractor.swift */; };
		0751B43420F682B00081BA2F /* RootComponent+LoggedIn.swift in Sources */ = {isa = PBXBuildFile; fileRef = 0751B43320F682B00081BA2F /* RootComponent+LoggedIn.swift */; };
		0751B43A20F685B50081BA2F /* OffGameRouter.swift in Sources */ = {isa = PBXBuildFile; fileRef = 0751B43620F685B50081BA2F /* OffGameRouter.swift */; };
		0751B43B20F685B50081BA2F /* OffGameViewController.swift in Sources */ = {isa = PBXBuildFile; fileRef = 0751B43720F685B50081BA2F /* OffGameViewController.swift */; };
		0751B43C20F685B50081BA2F /* OffGameBuilder.swift in Sources */ = {isa = PBXBuildFile; fileRef = 0751B43820F685B50081BA2F /* OffGameBuilder.swift */; };
		0751B43D20F685B50081BA2F /* OffGameInteractor.swift in Sources */ = {isa = PBXBuildFile; fileRef = 0751B43920F685B50081BA2F /* OffGameInteractor.swift */; };
		0751B43F20F6864E0081BA2F /* LoggedInComponent+OffGame.swift in Sources */ = {isa = PBXBuildFile; fileRef = 0751B43E20F6864E0081BA2F /* LoggedInComponent+OffGame.swift */; };
		0751B44520F68BAD0081BA2F /* TicTacToeRouter.swift in Sources */ = {isa = PBXBuildFile; fileRef = 0751B44120F68BAD0081BA2F /* TicTacToeRouter.swift */; };
		0751B44620F68BAD0081BA2F /* TicTacToeViewController.swift in Sources */ = {isa = PBXBuildFile; fileRef = 0751B44220F68BAD0081BA2F /* TicTacToeViewController.swift */; };
		0751B44720F68BAD0081BA2F /* TicTacToeBuilder.swift in Sources */ = {isa = PBXBuildFile; fileRef = 0751B44320F68BAD0081BA2F /* TicTacToeBuilder.swift */; };
		0751B44820F68BAD0081BA2F /* TicTacToeInteractor.swift in Sources */ = {isa = PBXBuildFile; fileRef = 0751B44420F68BAD0081BA2F /* TicTacToeInteractor.swift */; };
		0751B44A20F68BC60081BA2F /* LoggedInComponent+TicTacToe.swift in Sources */ = {isa = PBXBuildFile; fileRef = 0751B44920F68BC60081BA2F /* LoggedInComponent+TicTacToe.swift */; };
		0766CDE020F6E0110008F5FB /* TieGameRouter.swift in Sources */ = {isa = PBXBuildFile; fileRef = 0766CDDC20F6E0110008F5FB /* TieGameRouter.swift */; };
		0766CDE120F6E0110008F5FB /* TieGameViewController.swift in Sources */ = {isa = PBXBuildFile; fileRef = 0766CDDD20F6E0110008F5FB /* TieGameViewController.swift */; };
		0766CDE220F6E0110008F5FB /* TieGameBuilder.swift in Sources */ = {isa = PBXBuildFile; fileRef = 0766CDDE20F6E0110008F5FB /* TieGameBuilder.swift */; };
		0766CDE320F6E0110008F5FB /* TieGameInteractor.swift in Sources */ = {isa = PBXBuildFile; fileRef = 0766CDDF20F6E0110008F5FB /* TieGameInteractor.swift */; };
		0766CDE520F6E02E0008F5FB /* LoggedInComponent+TieGame.swift in Sources */ = {isa = PBXBuildFile; fileRef = 0766CDE420F6E02E0008F5FB /* LoggedInComponent+TieGame.swift */; };
		0799BAB620F67029006B875E /* AppDelegate.swift in Sources */ = {isa = PBXBuildFile; fileRef = 0799BAB520F67029006B875E /* AppDelegate.swift */; };
		0799BABD20F6702A006B875E /* Assets.xcassets in Resources */ = {isa = PBXBuildFile; fileRef = 0799BABC20F6702A006B875E /* Assets.xcassets */; };
		0799BAC020F6702A006B875E /* LaunchScreen.storyboard in Resources */ = {isa = PBXBuildFile; fileRef = 0799BABE20F6702A006B875E /* LaunchScreen.storyboard */; };
		079D3BD320F6732C0006B1BA /* RootRouter.swift in Sources */ = {isa = PBXBuildFile; fileRef = 079D3BCF20F6732C0006B1BA /* RootRouter.swift */; };
		079D3BD420F6732C0006B1BA /* RootViewController.swift in Sources */ = {isa = PBXBuildFile; fileRef = 079D3BD020F6732C0006B1BA /* RootViewController.swift */; };
		079D3BD520F6732C0006B1BA /* RootBuilder.swift in Sources */ = {isa = PBXBuildFile; fileRef = 079D3BD120F6732C0006B1BA /* RootBuilder.swift */; };
		079D3BD620F6732C0006B1BA /* RootInteractor.swift in Sources */ = {isa = PBXBuildFile; fileRef = 079D3BD220F6732C0006B1BA /* RootInteractor.swift */; };
		079D3BDD20F673900006B1BA /* LoggedOutRouter.swift in Sources */ = {isa = PBXBuildFile; fileRef = 079D3BD920F673900006B1BA /* LoggedOutRouter.swift */; };
		079D3BDE20F673900006B1BA /* LoggedOutViewController.swift in Sources */ = {isa = PBXBuildFile; fileRef = 079D3BDA20F673900006B1BA /* LoggedOutViewController.swift */; };
		079D3BDF20F673900006B1BA /* LoggedOutBuilder.swift in Sources */ = {isa = PBXBuildFile; fileRef = 079D3BDB20F673900006B1BA /* LoggedOutBuilder.swift */; };
		079D3BE020F673900006B1BA /* LoggedOutInteractor.swift in Sources */ = {isa = PBXBuildFile; fileRef = 079D3BDC20F673900006B1BA /* LoggedOutInteractor.swift */; };
		079D3BE220F673E30006B1BA /* AppComponent.swift in Sources */ = {isa = PBXBuildFile; fileRef = 079D3BE120F673E30006B1BA /* AppComponent.swift */; };
		079D3BE420F677AE0006B1BA /* RootComponent+LoggedOut.swift in Sources */ = {isa = PBXBuildFile; fileRef = 079D3BE320F677AE0006B1BA /* RootComponent+LoggedOut.swift */; };
		3AFD8D3C23E7664B69C198A0 /* Pods_TicTacToe.framework in Frameworks */ = {isa = PBXBuildFile; fileRef = D7CA3C61D0DC8CE67A0B46A9 /* Pods_TicTacToe.framework */; };
/* End PBXBuildFile section */

/* Begin PBXFileReference section */
		0736452220F6BDB70029888B /* ScoreStream.swift */ = {isa = PBXFileReference; lastKnownFileType = sourcecode.swift; path = ScoreStream.swift; sourceTree = "<group>"; };
		0751B42D20F681630081BA2F /* LoggedInRouter.swift */ = {isa = PBXFileReference; lastKnownFileType = sourcecode.swift; path = LoggedInRouter.swift; sourceTree = "<group>"; };
		0751B42E20F681630081BA2F /* LoggedInBuilder.swift */ = {isa = PBXFileReference; lastKnownFileType = sourcecode.swift; path = LoggedInBuilder.swift; sourceTree = "<group>"; };
		0751B42F20F681630081BA2F /* LoggedInInteractor.swift */ = {isa = PBXFileReference; lastKnownFileType = sourcecode.swift; path = LoggedInInteractor.swift; sourceTree = "<group>"; };
		0751B43320F682B00081BA2F /* RootComponent+LoggedIn.swift */ = {isa = PBXFileReference; lastKnownFileType = sourcecode.swift; path = "RootComponent+LoggedIn.swift"; sourceTree = "<group>"; };
		0751B43620F685B50081BA2F /* OffGameRouter.swift */ = {isa = PBXFileReference; lastKnownFileType = sourcecode.swift; path = OffGameRouter.swift; sourceTree = "<group>"; };
		0751B43720F685B50081BA2F /* OffGameViewController.swift */ = {isa = PBXFileReference; lastKnownFileType = sourcecode.swift; path = OffGameViewController.swift; sourceTree = "<group>"; };
		0751B43820F685B50081BA2F /* OffGameBuilder.swift */ = {isa = PBXFileReference; lastKnownFileType = sourcecode.swift; path = OffGameBuilder.swift; sourceTree = "<group>"; };
		0751B43920F685B50081BA2F /* OffGameInteractor.swift */ = {isa = PBXFileReference; lastKnownFileType = sourcecode.swift; path = OffGameInteractor.swift; sourceTree = "<group>"; };
		0751B43E20F6864E0081BA2F /* LoggedInComponent+OffGame.swift */ = {isa = PBXFileReference; lastKnownFileType = sourcecode.swift; path = "LoggedInComponent+OffGame.swift"; sourceTree = "<group>"; };
		0751B44120F68BAD0081BA2F /* TicTacToeRouter.swift */ = {isa = PBXFileReference; lastKnownFileType = sourcecode.swift; path = TicTacToeRouter.swift; sourceTree = "<group>"; };
		0751B44220F68BAD0081BA2F /* TicTacToeViewController.swift */ = {isa = PBXFileReference; lastKnownFileType = sourcecode.swift; path = TicTacToeViewController.swift; sourceTree = "<group>"; };
		0751B44320F68BAD0081BA2F /* TicTacToeBuilder.swift */ = {isa = PBXFileReference; lastKnownFileType = sourcecode.swift; path = TicTacToeBuilder.swift; sourceTree = "<group>"; };
		0751B44420F68BAD0081BA2F /* TicTacToeInteractor.swift */ = {isa = PBXFileReference; lastKnownFileType = sourcecode.swift; path = TicTacToeInteractor.swift; sourceTree = "<group>"; };
		0751B44920F68BC60081BA2F /* LoggedInComponent+TicTacToe.swift */ = {isa = PBXFileReference; lastKnownFileType = sourcecode.swift; path = "LoggedInComponent+TicTacToe.swift"; sourceTree = "<group>"; };
		0766CDDC20F6E0110008F5FB /* TieGameRouter.swift */ = {isa = PBXFileReference; lastKnownFileType = sourcecode.swift; path = TieGameRouter.swift; sourceTree = "<group>"; };
		0766CDDD20F6E0110008F5FB /* TieGameViewController.swift */ = {isa = PBXFileReference; lastKnownFileType = sourcecode.swift; path = TieGameViewController.swift; sourceTree = "<group>"; };
		0766CDDE20F6E0110008F5FB /* TieGameBuilder.swift */ = {isa = PBXFileReference; lastKnownFileType = sourcecode.swift; path = TieGameBuilder.swift; sourceTree = "<group>"; };
		0766CDDF20F6E0110008F5FB /* TieGameInteractor.swift */ = {isa = PBXFileReference; lastKnownFileType = sourcecode.swift; path = TieGameInteractor.swift; sourceTree = "<group>"; };
		0766CDE420F6E02E0008F5FB /* LoggedInComponent+TieGame.swift */ = {isa = PBXFileReference; lastKnownFileType = sourcecode.swift; path = "LoggedInComponent+TieGame.swift"; sourceTree = "<group>"; };
		0799BAB220F67029006B875E /* TicTacToe.app */ = {isa = PBXFileReference; explicitFileType = wrapper.application; includeInIndex = 0; path = TicTacToe.app; sourceTree = BUILT_PRODUCTS_DIR; };
		0799BAB520F67029006B875E /* AppDelegate.swift */ = {isa = PBXFileReference; lastKnownFileType = sourcecode.swift; path = AppDelegate.swift; sourceTree = "<group>"; };
		0799BABC20F6702A006B875E /* Assets.xcassets */ = {isa = PBXFileReference; lastKnownFileType = folder.assetcatalog; path = Assets.xcassets; sourceTree = "<group>"; };
		0799BABF20F6702A006B875E /* Base */ = {isa = PBXFileReference; lastKnownFileType = file.storyboard; name = Base; path = Base.lproj/LaunchScreen.storyboard; sourceTree = "<group>"; };
		0799BAC120F6702A006B875E /* Info.plist */ = {isa = PBXFileReference; lastKnownFileType = text.plist.xml; path = Info.plist; sourceTree = "<group>"; };
		079D3BCF20F6732C0006B1BA /* RootRouter.swift */ = {isa = PBXFileReference; lastKnownFileType = sourcecode.swift; path = RootRouter.swift; sourceTree = "<group>"; };
		079D3BD020F6732C0006B1BA /* RootViewController.swift */ = {isa = PBXFileReference; lastKnownFileType = sourcecode.swift; path = RootViewController.swift; sourceTree = "<group>"; };
		079D3BD120F6732C0006B1BA /* RootBuilder.swift */ = {isa = PBXFileReference; lastKnownFileType = sourcecode.swift; path = RootBuilder.swift; sourceTree = "<group>"; };
		079D3BD220F6732C0006B1BA /* RootInteractor.swift */ = {isa = PBXFileReference; lastKnownFileType = sourcecode.swift; path = RootInteractor.swift; sourceTree = "<group>"; };
		079D3BD920F673900006B1BA /* LoggedOutRouter.swift */ = {isa = PBXFileReference; lastKnownFileType = sourcecode.swift; path = LoggedOutRouter.swift; sourceTree = "<group>"; };
		079D3BDA20F673900006B1BA /* LoggedOutViewController.swift */ = {isa = PBXFileReference; lastKnownFileType = sourcecode.swift; path = LoggedOutViewController.swift; sourceTree = "<group>"; };
		079D3BDB20F673900006B1BA /* LoggedOutBuilder.swift */ = {isa = PBXFileReference; lastKnownFileType = sourcecode.swift; path = LoggedOutBuilder.swift; sourceTree = "<group>"; };
		079D3BDC20F673900006B1BA /* LoggedOutInteractor.swift */ = {isa = PBXFileReference; lastKnownFileType = sourcecode.swift; path = LoggedOutInteractor.swift; sourceTree = "<group>"; };
		079D3BE120F673E30006B1BA /* AppComponent.swift */ = {isa = PBXFileReference; lastKnownFileType = sourcecode.swift; path = AppComponent.swift; sourceTree = "<group>"; };
		079D3BE320F677AE0006B1BA /* RootComponent+LoggedOut.swift */ = {isa = PBXFileReference; lastKnownFileType = sourcecode.swift; path = "RootComponent+LoggedOut.swift"; sourceTree = "<group>"; };
		5E894FF7F39F1EE405F2DE6C /* Pods-TicTacToe.release.xcconfig */ = {isa = PBXFileReference; includeInIndex = 1; lastKnownFileType = text.xcconfig; name = "Pods-TicTacToe.release.xcconfig"; path = "Pods/Target Support Files/Pods-TicTacToe/Pods-TicTacToe.release.xcconfig"; sourceTree = "<group>"; };
		9E37EA03FA25239B9036542F /* Pods-TicTacToe.debug.xcconfig */ = {isa = PBXFileReference; includeInIndex = 1; lastKnownFileType = text.xcconfig; name = "Pods-TicTacToe.debug.xcconfig"; path = "Pods/Target Support Files/Pods-TicTacToe/Pods-TicTacToe.debug.xcconfig"; sourceTree = "<group>"; };
		D7CA3C61D0DC8CE67A0B46A9 /* Pods_TicTacToe.framework */ = {isa = PBXFileReference; explicitFileType = wrapper.framework; includeInIndex = 0; path = Pods_TicTacToe.framework; sourceTree = BUILT_PRODUCTS_DIR; };
/* End PBXFileReference section */

/* Begin PBXFrameworksBuildPhase section */
		0799BAAF20F67029006B875E /* Frameworks */ = {
			isa = PBXFrameworksBuildPhase;
			buildActionMask = 2147483647;
			files = (
				3AFD8D3C23E7664B69C198A0 /* Pods_TicTacToe.framework in Frameworks */,
			);
			runOnlyForDeploymentPostprocessing = 0;
		};
/* End PBXFrameworksBuildPhase section */

/* Begin PBXGroup section */
		0736452120F6BDAE0029888B /* Models */ = {
			isa = PBXGroup;
			children = (
				0736452220F6BDB70029888B /* ScoreStream.swift */,
			);
			path = Models;
			sourceTree = "<group>";
		};
		0751B42C20F681540081BA2F /* LoggedIn */ = {
			isa = PBXGroup;
			children = (
				0751B42D20F681630081BA2F /* LoggedInRouter.swift */,
				0751B42E20F681630081BA2F /* LoggedInBuilder.swift */,
				0751B42F20F681630081BA2F /* LoggedInInteractor.swift */,
				0751B43E20F6864E0081BA2F /* LoggedInComponent+OffGame.swift */,
				0751B44920F68BC60081BA2F /* LoggedInComponent+TicTacToe.swift */,
				0766CDE420F6E02E0008F5FB /* LoggedInComponent+TieGame.swift */,
			);
			path = LoggedIn;
			sourceTree = "<group>";
		};
		0751B43520F685A60081BA2F /* OffGame */ = {
			isa = PBXGroup;
			children = (
				0751B43620F685B50081BA2F /* OffGameRouter.swift */,
				0751B43720F685B50081BA2F /* OffGameViewController.swift */,
				0751B43820F685B50081BA2F /* OffGameBuilder.swift */,
				0751B43920F685B50081BA2F /* OffGameInteractor.swift */,
			);
			path = OffGame;
			sourceTree = "<group>";
		};
		0751B44020F68B9C0081BA2F /* TicTacToe */ = {
			isa = PBXGroup;
			children = (
				0751B44120F68BAD0081BA2F /* TicTacToeRouter.swift */,
				0751B44220F68BAD0081BA2F /* TicTacToeViewController.swift */,
				0751B44320F68BAD0081BA2F /* TicTacToeBuilder.swift */,
				0751B44420F68BAD0081BA2F /* TicTacToeInteractor.swift */,
			);
			path = TicTacToe;
			sourceTree = "<group>";
		};
		0766CDDB20F6DFE90008F5FB /* TieGame */ = {
			isa = PBXGroup;
			children = (
				0766CDDC20F6E0110008F5FB /* TieGameRouter.swift */,
				0766CDDD20F6E0110008F5FB /* TieGameViewController.swift */,
				0766CDDE20F6E0110008F5FB /* TieGameBuilder.swift */,
				0766CDDF20F6E0110008F5FB /* TieGameInteractor.swift */,
			);
			path = TieGame;
			sourceTree = "<group>";
		};
		0799BAA920F67029006B875E = {
			isa = PBXGroup;
			children = (
				0799BAB420F67029006B875E /* TicTacToe */,
				0799BAB320F67029006B875E /* Products */,
				4B1F9C8D70DA976C8C17D5F1 /* Pods */,
				099D30C7BDFEDFDC74BA6FA3 /* Frameworks */,
			);
			sourceTree = "<group>";
		};
		0799BAB320F67029006B875E /* Products */ = {
			isa = PBXGroup;
			children = (
				0799BAB220F67029006B875E /* TicTacToe.app */,
			);
			name = Products;
			sourceTree = "<group>";
		};
		0799BAB420F67029006B875E /* TicTacToe */ = {
			isa = PBXGroup;
			children = (
				0766CDDB20F6DFE90008F5FB /* TieGame */,
				0736452120F6BDAE0029888B /* Models */,
				0751B44020F68B9C0081BA2F /* TicTacToe */,
				0751B43520F685A60081BA2F /* OffGame */,
				0751B42C20F681540081BA2F /* LoggedIn */,
				079D3BD820F673620006B1BA /* AppStart */,
				079D3BD720F673320006B1BA /* LoggedOut */,
				079D3BCE20F673130006B1BA /* Root */,
				0799BABC20F6702A006B875E /* Assets.xcassets */,
				0799BABE20F6702A006B875E /* LaunchScreen.storyboard */,
				0799BAC120F6702A006B875E /* Info.plist */,
			);
			path = TicTacToe;
			sourceTree = "<group>";
		};
		079D3BCE20F673130006B1BA /* Root */ = {
			isa = PBXGroup;
			children = (
				079D3BCF20F6732C0006B1BA /* RootRouter.swift */,
				079D3BD020F6732C0006B1BA /* RootViewController.swift */,
				079D3BD120F6732C0006B1BA /* RootBuilder.swift */,
				079D3BD220F6732C0006B1BA /* RootInteractor.swift */,
				079D3BE320F677AE0006B1BA /* RootComponent+LoggedOut.swift */,
				0751B43320F682B00081BA2F /* RootComponent+LoggedIn.swift */,
			);
			path = Root;
			sourceTree = "<group>";
		};
		079D3BD720F673320006B1BA /* LoggedOut */ = {
			isa = PBXGroup;
			children = (
				079D3BD920F673900006B1BA /* LoggedOutRouter.swift */,
				079D3BDA20F673900006B1BA /* LoggedOutViewController.swift */,
				079D3BDB20F673900006B1BA /* LoggedOutBuilder.swift */,
				079D3BDC20F673900006B1BA /* LoggedOutInteractor.swift */,
			);
			path = LoggedOut;
			sourceTree = "<group>";
		};
		079D3BD820F673620006B1BA /* AppStart */ = {
			isa = PBXGroup;
			children = (
				0799BAB520F67029006B875E /* AppDelegate.swift */,
				079D3BE120F673E30006B1BA /* AppComponent.swift */,
			);
			path = AppStart;
			sourceTree = "<group>";
		};
		099D30C7BDFEDFDC74BA6FA3 /* Frameworks */ = {
			isa = PBXGroup;
			children = (
				D7CA3C61D0DC8CE67A0B46A9 /* Pods_TicTacToe.framework */,
			);
			name = Frameworks;
			sourceTree = "<group>";
		};
		4B1F9C8D70DA976C8C17D5F1 /* Pods */ = {
			isa = PBXGroup;
			children = (
				9E37EA03FA25239B9036542F /* Pods-TicTacToe.debug.xcconfig */,
				5E894FF7F39F1EE405F2DE6C /* Pods-TicTacToe.release.xcconfig */,
			);
			name = Pods;
			sourceTree = "<group>";
		};
/* End PBXGroup section */

/* Begin PBXNativeTarget section */
		0799BAB120F67029006B875E /* TicTacToe */ = {
			isa = PBXNativeTarget;
			buildConfigurationList = 0799BAC420F6702A006B875E /* Build configuration list for PBXNativeTarget "TicTacToe" */;
			buildPhases = (
				A4B5C817794B660EA30599AB /* [CP] Check Pods Manifest.lock */,
				0799BAAE20F67029006B875E /* Sources */,
				0799BAAF20F67029006B875E /* Frameworks */,
				0799BAB020F67029006B875E /* Resources */,
				777C163FDACC1F0B928B0652 /* [CP] Embed Pods Frameworks */,
			);
			buildRules = (
			);
			dependencies = (
			);
			name = TicTacToe;
			productName = TicTacToe;
			productReference = 0799BAB220F67029006B875E /* TicTacToe.app */;
			productType = "com.apple.product-type.application";
		};
/* End PBXNativeTarget section */

/* Begin PBXProject section */
		0799BAAA20F67029006B875E /* Project object */ = {
			isa = PBXProject;
			attributes = {
				LastSwiftUpdateCheck = 0940;
				LastUpgradeCheck = 0940;
				ORGANIZATIONNAME = "Varun Santhanam";
				TargetAttributes = {
					0799BAB120F67029006B875E = {
						CreatedOnToolsVersion = 9.4.1;
					};
				};
			};
			buildConfigurationList = 0799BAAD20F67029006B875E /* Build configuration list for PBXProject "TicTacToe" */;
			compatibilityVersion = "Xcode 9.3";
			developmentRegion = en;
			hasScannedForEncodings = 0;
			knownRegions = (
				en,
				Base,
			);
			mainGroup = 0799BAA920F67029006B875E;
			productRefGroup = 0799BAB320F67029006B875E /* Products */;
			projectDirPath = "";
			projectRoot = "";
			targets = (
				0799BAB120F67029006B875E /* TicTacToe */,
			);
		};
/* End PBXProject section */

/* Begin PBXResourcesBuildPhase section */
		0799BAB020F67029006B875E /* Resources */ = {
			isa = PBXResourcesBuildPhase;
			buildActionMask = 2147483647;
			files = (
				0799BAC020F6702A006B875E /* LaunchScreen.storyboard in Resources */,
				0799BABD20F6702A006B875E /* Assets.xcassets in Resources */,
			);
			runOnlyForDeploymentPostprocessing = 0;
		};
/* End PBXResourcesBuildPhase section */

/* Begin PBXShellScriptBuildPhase section */
		777C163FDACC1F0B928B0652 /* [CP] Embed Pods Frameworks */ = {
			isa = PBXShellScriptBuildPhase;
			buildActionMask = 2147483647;
			files = (
			);
			inputPaths = (
				"${SRCROOT}/Pods/Target Support Files/Pods-TicTacToe/Pods-TicTacToe-frameworks.sh",
				"${BUILT_PRODUCTS_DIR}/RIBs/RIBs.framework",
				"${BUILT_PRODUCTS_DIR}/RxCocoa/RxCocoa.framework",
				"${BUILT_PRODUCTS_DIR}/RxSwift/RxSwift.framework",
				"${BUILT_PRODUCTS_DIR}/SnapKit/SnapKit.framework",
			);
			name = "[CP] Embed Pods Frameworks";
			outputPaths = (
				"${TARGET_BUILD_DIR}/${FRAMEWORKS_FOLDER_PATH}/RIBs.framework",
				"${TARGET_BUILD_DIR}/${FRAMEWORKS_FOLDER_PATH}/RxCocoa.framework",
				"${TARGET_BUILD_DIR}/${FRAMEWORKS_FOLDER_PATH}/RxSwift.framework",
				"${TARGET_BUILD_DIR}/${FRAMEWORKS_FOLDER_PATH}/SnapKit.framework",
			);
			runOnlyForDeploymentPostprocessing = 0;
			shellPath = /bin/sh;
			shellScript = "\"${SRCROOT}/Pods/Target Support Files/Pods-TicTacToe/Pods-TicTacToe-frameworks.sh\"\n";
			showEnvVarsInLog = 0;
		};
		A4B5C817794B660EA30599AB /* [CP] Check Pods Manifest.lock */ = {
			isa = PBXShellScriptBuildPhase;
			buildActionMask = 2147483647;
			files = (
			);
			inputPaths = (
				"${PODS_PODFILE_DIR_PATH}/Podfile.lock",
				"${PODS_ROOT}/Manifest.lock",
			);
			name = "[CP] Check Pods Manifest.lock";
			outputPaths = (
				"$(DERIVED_FILE_DIR)/Pods-TicTacToe-checkManifestLockResult.txt",
			);
			runOnlyForDeploymentPostprocessing = 0;
			shellPath = /bin/sh;
			shellScript = "diff \"${PODS_PODFILE_DIR_PATH}/Podfile.lock\" \"${PODS_ROOT}/Manifest.lock\" > /dev/null\nif [ $? != 0 ] ; then\n    # print error to STDERR\n    echo \"error: The sandbox is not in sync with the Podfile.lock. Run 'pod install' or update your CocoaPods installation.\" >&2\n    exit 1\nfi\n# This output is used by Xcode 'outputs' to avoid re-running this script phase.\necho \"SUCCESS\" > \"${SCRIPT_OUTPUT_FILE_0}\"\n";
			showEnvVarsInLog = 0;
		};
/* End PBXShellScriptBuildPhase section */

/* Begin PBXSourcesBuildPhase section */
		0799BAAE20F67029006B875E /* Sources */ = {
			isa = PBXSourcesBuildPhase;
			buildActionMask = 2147483647;
			files = (
				079D3BD620F6732C0006B1BA /* RootInteractor.swift in Sources */,
				0751B43020F681630081BA2F /* LoggedInRouter.swift in Sources */,
				0751B43F20F6864E0081BA2F /* LoggedInComponent+OffGame.swift in Sources */,
				079D3BDE20F673900006B1BA /* LoggedOutViewController.swift in Sources */,
				0766CDE520F6E02E0008F5FB /* LoggedInComponent+TieGame.swift in Sources */,
				079D3BD320F6732C0006B1BA /* RootRouter.swift in Sources */,
				0766CDE120F6E0110008F5FB /* TieGameViewController.swift in Sources */,
				0751B44520F68BAD0081BA2F /* TicTacToeRouter.swift in Sources */,
				0766CDE220F6E0110008F5FB /* TieGameBuilder.swift in Sources */,
				0736452320F6BDB70029888B /* ScoreStream.swift in Sources */,
				0751B43D20F685B50081BA2F /* OffGameInteractor.swift in Sources */,
				0751B43A20F685B50081BA2F /* OffGameRouter.swift in Sources */,
				0751B43420F682B00081BA2F /* RootComponent+LoggedIn.swift in Sources */,
				079D3BD520F6732C0006B1BA /* RootBuilder.swift in Sources */,
				0751B43220F681630081BA2F /* LoggedInInteractor.swift in Sources */,
				079D3BDD20F673900006B1BA /* LoggedOutRouter.swift in Sources */,
				0751B43C20F685B50081BA2F /* OffGameBuilder.swift in Sources */,
				079D3BD420F6732C0006B1BA /* RootViewController.swift in Sources */,
				0751B44A20F68BC60081BA2F /* LoggedInComponent+TicTacToe.swift in Sources */,
				0766CDE020F6E0110008F5FB /* TieGameRouter.swift in Sources */,
				079D3BE020F673900006B1BA /* LoggedOutInteractor.swift in Sources */,
				0751B44820F68BAD0081BA2F /* TicTacToeInteractor.swift in Sources */,
				0751B44720F68BAD0081BA2F /* TicTacToeBuilder.swift in Sources */,
				0751B43120F681630081BA2F /* LoggedInBuilder.swift in Sources */,
				0799BAB620F67029006B875E /* AppDelegate.swift in Sources */,
				079D3BE220F673E30006B1BA /* AppComponent.swift in Sources */,
				079D3BE420F677AE0006B1BA /* RootComponent+LoggedOut.swift in Sources */,
				0751B43B20F685B50081BA2F /* OffGameViewController.swift in Sources */,
				0766CDE320F6E0110008F5FB /* TieGameInteractor.swift in Sources */,
				079D3BDF20F673900006B1BA /* LoggedOutBuilder.swift in Sources */,
				0751B44620F68BAD0081BA2F /* TicTacToeViewController.swift in Sources */,
			);
			runOnlyForDeploymentPostprocessing = 0;
		};
/* End PBXSourcesBuildPhase section */

/* Begin PBXVariantGroup section */
		0799BABE20F6702A006B875E /* LaunchScreen.storyboard */ = {
			isa = PBXVariantGroup;
			children = (
				0799BABF20F6702A006B875E /* Base */,
			);
			name = LaunchScreen.storyboard;
			sourceTree = "<group>";
		};
/* End PBXVariantGroup section */

/* Begin XCBuildConfiguration section */
		0799BAC220F6702A006B875E /* Debug */ = {
			isa = XCBuildConfiguration;
			buildSettings = {
				ALWAYS_SEARCH_USER_PATHS = NO;
				CLANG_ANALYZER_NONNULL = YES;
				CLANG_ANALYZER_NUMBER_OBJECT_CONVERSION = YES_AGGRESSIVE;
				CLANG_CXX_LANGUAGE_STANDARD = "gnu++14";
				CLANG_CXX_LIBRARY = "libc++";
				CLANG_ENABLE_MODULES = YES;
				CLANG_ENABLE_OBJC_ARC = YES;
				CLANG_ENABLE_OBJC_WEAK = YES;
				CLANG_WARN_BLOCK_CAPTURE_AUTORELEASING = YES;
				CLANG_WARN_BOOL_CONVERSION = YES;
				CLANG_WARN_COMMA = YES;
				CLANG_WARN_CONSTANT_CONVERSION = YES;
				CLANG_WARN_DEPRECATED_OBJC_IMPLEMENTATIONS = YES;
				CLANG_WARN_DIRECT_OBJC_ISA_USAGE = YES_ERROR;
				CLANG_WARN_DOCUMENTATION_COMMENTS = YES;
				CLANG_WARN_EMPTY_BODY = YES;
				CLANG_WARN_ENUM_CONVERSION = YES;
				CLANG_WARN_INFINITE_RECURSION = YES;
				CLANG_WARN_INT_CONVERSION = YES;
				CLANG_WARN_NON_LITERAL_NULL_CONVERSION = YES;
				CLANG_WARN_OBJC_IMPLICIT_RETAIN_SELF = YES;
				CLANG_WARN_OBJC_LITERAL_CONVERSION = YES;
				CLANG_WARN_OBJC_ROOT_CLASS = YES_ERROR;
				CLANG_WARN_RANGE_LOOP_ANALYSIS = YES;
				CLANG_WARN_STRICT_PROTOTYPES = YES;
				CLANG_WARN_SUSPICIOUS_MOVE = YES;
				CLANG_WARN_UNGUARDED_AVAILABILITY = YES_AGGRESSIVE;
				CLANG_WARN_UNREACHABLE_CODE = YES;
				CLANG_WARN__DUPLICATE_METHOD_MATCH = YES;
				CODE_SIGN_IDENTITY = "iPhone Developer";
				COPY_PHASE_STRIP = NO;
				DEBUG_INFORMATION_FORMAT = dwarf;
				ENABLE_STRICT_OBJC_MSGSEND = YES;
				ENABLE_TESTABILITY = YES;
				GCC_C_LANGUAGE_STANDARD = gnu11;
				GCC_DYNAMIC_NO_PIC = NO;
				GCC_NO_COMMON_BLOCKS = YES;
				GCC_OPTIMIZATION_LEVEL = 0;
				GCC_PREPROCESSOR_DEFINITIONS = (
					"DEBUG=1",
					"$(inherited)",
				);
				GCC_WARN_64_TO_32_BIT_CONVERSION = YES;
				GCC_WARN_ABOUT_RETURN_TYPE = YES_ERROR;
				GCC_WARN_UNDECLARED_SELECTOR = YES;
				GCC_WARN_UNINITIALIZED_AUTOS = YES_AGGRESSIVE;
				GCC_WARN_UNUSED_FUNCTION = YES;
				GCC_WARN_UNUSED_VARIABLE = YES;
				IPHONEOS_DEPLOYMENT_TARGET = 11.4;
				MTL_ENABLE_DEBUG_INFO = YES;
				ONLY_ACTIVE_ARCH = YES;
				SDKROOT = iphoneos;
				SWIFT_ACTIVE_COMPILATION_CONDITIONS = DEBUG;
				SWIFT_OPTIMIZATION_LEVEL = "-Onone";
			};
			name = Debug;
		};
		0799BAC320F6702A006B875E /* Release */ = {
			isa = XCBuildConfiguration;
			buildSettings = {
				ALWAYS_SEARCH_USER_PATHS = NO;
				CLANG_ANALYZER_NONNULL = YES;
				CLANG_ANALYZER_NUMBER_OBJECT_CONVERSION = YES_AGGRESSIVE;
				CLANG_CXX_LANGUAGE_STANDARD = "gnu++14";
				CLANG_CXX_LIBRARY = "libc++";
				CLANG_ENABLE_MODULES = YES;
				CLANG_ENABLE_OBJC_ARC = YES;
				CLANG_ENABLE_OBJC_WEAK = YES;
				CLANG_WARN_BLOCK_CAPTURE_AUTORELEASING = YES;
				CLANG_WARN_BOOL_CONVERSION = YES;
				CLANG_WARN_COMMA = YES;
				CLANG_WARN_CONSTANT_CONVERSION = YES;
				CLANG_WARN_DEPRECATED_OBJC_IMPLEMENTATIONS = YES;
				CLANG_WARN_DIRECT_OBJC_ISA_USAGE = YES_ERROR;
				CLANG_WARN_DOCUMENTATION_COMMENTS = YES;
				CLANG_WARN_EMPTY_BODY = YES;
				CLANG_WARN_ENUM_CONVERSION = YES;
				CLANG_WARN_INFINITE_RECURSION = YES;
				CLANG_WARN_INT_CONVERSION = YES;
				CLANG_WARN_NON_LITERAL_NULL_CONVERSION = YES;
				CLANG_WARN_OBJC_IMPLICIT_RETAIN_SELF = YES;
				CLANG_WARN_OBJC_LITERAL_CONVERSION = YES;
				CLANG_WARN_OBJC_ROOT_CLASS = YES_ERROR;
				CLANG_WARN_RANGE_LOOP_ANALYSIS = YES;
				CLANG_WARN_STRICT_PROTOTYPES = YES;
				CLANG_WARN_SUSPICIOUS_MOVE = YES;
				CLANG_WARN_UNGUARDED_AVAILABILITY = YES_AGGRESSIVE;
				CLANG_WARN_UNREACHABLE_CODE = YES;
				CLANG_WARN__DUPLICATE_METHOD_MATCH = YES;
				CODE_SIGN_IDENTITY = "iPhone Developer";
				COPY_PHASE_STRIP = NO;
				DEBUG_INFORMATION_FORMAT = "dwarf-with-dsym";
				ENABLE_NS_ASSERTIONS = NO;
				ENABLE_STRICT_OBJC_MSGSEND = YES;
				GCC_C_LANGUAGE_STANDARD = gnu11;
				GCC_NO_COMMON_BLOCKS = YES;
				GCC_WARN_64_TO_32_BIT_CONVERSION = YES;
				GCC_WARN_ABOUT_RETURN_TYPE = YES_ERROR;
				GCC_WARN_UNDECLARED_SELECTOR = YES;
				GCC_WARN_UNINITIALIZED_AUTOS = YES_AGGRESSIVE;
				GCC_WARN_UNUSED_FUNCTION = YES;
				GCC_WARN_UNUSED_VARIABLE = YES;
				IPHONEOS_DEPLOYMENT_TARGET = 11.4;
				MTL_ENABLE_DEBUG_INFO = NO;
				SDKROOT = iphoneos;
				SWIFT_COMPILATION_MODE = wholemodule;
				SWIFT_OPTIMIZATION_LEVEL = "-O";
				VALIDATE_PRODUCT = YES;
			};
			name = Release;
		};
		0799BAC520F6702A006B875E /* Debug */ = {
			isa = XCBuildConfiguration;
			baseConfigurationReference = 9E37EA03FA25239B9036542F /* Pods-TicTacToe.debug.xcconfig */;
			buildSettings = {
				ASSETCATALOG_COMPILER_APPICON_NAME = AppIcon;
				CODE_SIGN_STYLE = Automatic;
				INFOPLIST_FILE = TicTacToe/Info.plist;
				LD_RUNPATH_SEARCH_PATHS = (
					"$(inherited)",
					"@executable_path/Frameworks",
				);
				PRODUCT_BUNDLE_IDENTIFIER = com.varunsanthanam.TicTacToe;
				PRODUCT_NAME = "$(TARGET_NAME)";
				SWIFT_VERSION = 4.0;
				TARGETED_DEVICE_FAMILY = 1;
			};
			name = Debug;
		};
		0799BAC620F6702A006B875E /* Release */ = {
			isa = XCBuildConfiguration;
			baseConfigurationReference = 5E894FF7F39F1EE405F2DE6C /* Pods-TicTacToe.release.xcconfig */;
			buildSettings = {
				ASSETCATALOG_COMPILER_APPICON_NAME = AppIcon;
				CODE_SIGN_STYLE = Automatic;
				INFOPLIST_FILE = TicTacToe/Info.plist;
				LD_RUNPATH_SEARCH_PATHS = (
					"$(inherited)",
					"@executable_path/Frameworks",
				);
				PRODUCT_BUNDLE_IDENTIFIER = com.varunsanthanam.TicTacToe;
				PRODUCT_NAME = "$(TARGET_NAME)";
				SWIFT_VERSION = 4.0;
				TARGETED_DEVICE_FAMILY = 1;
			};
			name = Release;
		};
/* End XCBuildConfiguration section */

/* Begin XCConfigurationList section */
		0799BAAD20F67029006B875E /* Build configuration list for PBXProject "TicTacToe" */ = {
			isa = XCConfigurationList;
			buildConfigurations = (
				0799BAC220F6702A006B875E /* Debug */,
				0799BAC320F6702A006B875E /* Release */,
			);
			defaultConfigurationIsVisible = 0;
			defaultConfigurationName = Release;
		};
		0799BAC420F6702A006B875E /* Build configuration list for PBXNativeTarget "TicTacToe" */ = {
			isa = XCConfigurationList;
			buildConfigurations = (
				0799BAC520F6702A006B875E /* Debug */,
				0799BAC620F6702A006B875E /* Release */,
			);
			defaultConfigurationIsVisible = 0;
			defaultConfigurationName = Release;
		};
/* End XCConfigurationList section */
	};
	rootObject = 0799BAAA20F67029006B875E /* Project object */;
}
